
Microsoft Visual Studio Solution File, Format Version 12.00
# Visual Studio Version 17
VisualStudioVersion = 17.7.34031.279
MinimumVisualStudioVersion = 10.0.40219.1
Project("{2150E333-8FDC-42A3-9474-1A3956D46DE8}") = "src", "src", "{FE752680-898F-4312-833C-E2151332EE79}"
EndProject
Project("{FAE04EC0-301F-11D3-BF4B-00C04F79EFBC}") = "BizLand.Core", "src\BizLand.Core\BizLand.Core.csproj", "{F5DDDD45-6590-4D1D-95FB-450E66A48382}"
EndProject
Project("{FAE04EC0-301F-11D3-BF4B-00C04F79EFBC}") = "BizLand.Data", "src\BizLand.Data\BizLand.Data.csproj", "{D243EADA-05B9-420A-A404-EFF54B6545E6}"
EndProject
Project("{FAE04EC0-301F-11D3-BF4B-00C04F79EFBC}") = "BizLand.Business", "src\BizLand.Business\BizLand.Business.csproj", "{3AC6B4EB-ED7D-41C8-B175-189A88218BBF}"
EndProject
Project("{FAE04EC0-301F-11D3-BF4B-00C04F79EFBC}") = "BizLand.API", "src\BizLand.API\BizLand.API.csproj", "{142BA0E0-2ED7-42C0-987A-03B461235118}"
EndProject
Global
	GlobalSection(SolutionConfigurationPlatforms) = preSolution
		Debug|Any CPU = Debug|Any CPU
		Release|Any CPU = Release|Any CPU
	EndGlobalSection
	GlobalSection(ProjectConfigurationPlatforms) = postSolution
		{F5DDDD45-6590-4D1D-95FB-450E66A48382}.Debug|Any CPU.ActiveCfg = Debug|Any CPU
		{F5DDDD45-6590-4D1D-95FB-450E66A48382}.Debug|Any CPU.Build.0 = Debug|Any CPU
		{F5DDDD45-6590-4D1D-95FB-450E66A48382}.Release|Any CPU.ActiveCfg = Release|Any CPU
		{F5DDDD45-6590-4D1D-95FB-450E66A48382}.Release|Any CPU.Build.0 = Release|Any CPU
		{D243EADA-05B9-420A-A404-EFF54B6545E6}.Debug|Any CPU.ActiveCfg = Debug|Any CPU
		{D243EADA-05B9-420A-A404-EFF54B6545E6}.Debug|Any CPU.Build.0 = Debug|Any CPU
		{D243EADA-05B9-420A-A404-EFF54B6545E6}.Release|Any CPU.ActiveCfg = Release|Any CPU
		{D243EADA-05B9-420A-A404-EFF54B6545E6}.Release|Any CPU.Build.0 = Release|Any CPU
		{3AC6B4EB-ED7D-41C8-B175-189A88218BBF}.Debug|Any CPU.ActiveCfg = Debug|Any CPU
		{3AC6B4EB-ED7D-41C8-B175-189A88218BBF}.Debug|Any CPU.Build.0 = Debug|Any CPU
		{3AC6B4EB-ED7D-41C8-B175-189A88218BBF}.Release|Any CPU.ActiveCfg = Release|Any CPU
		{3AC6B4EB-ED7D-41C8-B175-189A88218BBF}.Release|Any CPU.Build.0 = Release|Any CPU
		{142BA0E0-2ED7-42C0-987A-03B461235118}.Debug|Any CPU.ActiveCfg = Debug|Any CPU
		{142BA0E0-2ED7-42C0-987A-03B461235118}.Debug|Any CPU.Build.0 = Debug|Any CPU
		{142BA0E0-2ED7-42C0-987A-03B461235118}.Release|Any CPU.ActiveCfg = Release|Any CPU
		{142BA0E0-2ED7-42C0-987A-03B461235118}.Release|Any CPU.Build.0 = Release|Any CPU
	EndGlobalSection
	GlobalSection(SolutionProperties) = preSolution
		HideSolutionNode = FALSE
	EndGlobalSection
	GlobalSection(NestedProjects) = preSolution
		{F5DDDD45-6590-4D1D-95FB-450E66A48382} = {FE752680-898F-4312-833C-E2151332EE79}
		{D243EADA-05B9-420A-A404-EFF54B6545E6} = {FE752680-898F-4312-833C-E2151332EE79}
		{3AC6B4EB-ED7D-41C8-B175-189A88218BBF} = {FE752680-898F-4312-833C-E2151332EE79}
		{142BA0E0-2ED7-42C0-987A-03B461235118} = {FE752680-898F-4312-833C-E2151332EE79}
	EndGlobalSection
	GlobalSection(ExtensibilityGlobals) = postSolution
		SolutionGuid = {D5D099FE-ADC3-486C-85EB-C3912349A907}
	EndGlobalSection
EndGlobal
